Microsoft Visual Studio Solution File, Format Version 12.00
# Visual Studio Version 17
VisualStudioVersion = 17.0.31903.59
MinimumVisualStudioVersion = 10.0.40219.1
Project("{9A19103F-16F7-4668-BE54-9A1E7A4F7556}") = "Launcher.Core", "src\Launcher.Core\Launcher.Core.csproj", "{1A7C4F4E-9B32-4D51-8E6A-0C2F5B7D1E01}"
EndProject
Project("{9A19103F-16F7-4668-BE54-9A1E7A4F7556}") = "Launcher.Cli", "src\Launcher.Cli\Launcher.Cli.csproj", "{2B8D5A6F-1C43-4E62-9F7B-1D3E6C8A2F02}"
EndProject
Global
	GlobalSection(SolutionConfigurationPlatforms) = preSolution
		Debug|Any CPU = Debug|Any CPU
		Release|Any CPU = Release|Any CPU
	EndGlobalSection
	GlobalSection(ProjectConfigurationPlatforms) = postSolution
		{1A7C4F4E-9B32-4D51-8E6A-0C2F5B7D1E01}.Debug|Any CPU.ActiveCfg = Debug|Any CPU
		{1A7C4F4E-9B32-4D51-8E6A-0C2F5B7D1E01}.Debug|Any CPU.Build.0 = Debug|Any CPU
		{1A7C4F4E-9B32-4D51-8E6A-0C2F5B7D1E01}.Release|Any CPU.ActiveCfg = Release|Any CPU
		{1A7C4F4E-9B32-4D51-8E6A-0C2F5B7D1E01}.Release|Any CPU.Build.0 = Release|Any CPU
		{2B8D5A6F-1C43-4E62-9F7B-1D3E6C8A2F02}.Debug|Any CPU.ActiveCfg = Debug|Any CPU
		{2B8D5A6F-1C43-4E62-9F7B-1D3E6C8A2F02}.Debug|Any CPU.Build.0 = Debug|Any CPU
		{2B8D5A6F-1C43-4E62-9F7B-1D3E6C8A2F02}.Release|Any CPU.ActiveCfg = Release|Any CPU
		{2B8D5A6F-1C43-4E62-9F7B-1D3E6C8A2F02}.Release|Any CPU.Build.0 = Release|Any CPU
	EndGlobalSection
	GlobalSection(SolutionProperties) = preSolution
		HideSolutionNode = FALSE
	EndGlobalSection
EndGlobal
